
Microsoft Visual Studio Solution File, Format Version 12.00
# Visual Studio Version 17
VisualStudioVersion = 17.5.002.0
MinimumVisualStudioVersion = 10.0.40219.1
Project("{2150E333-8FDC-42A3-9474-1A3956D46DE8}") = "Masking-Numbers", "Masking-Numbers", "{290059C2-BD9F-4F63-9936-9011C6B9CD41}"
EndProject
Project("{9A19103F-16F7-4668-BE54-9A1E7A4F7556}") = "MaskingNumberwithoutmethod", "Masking-Numbers\MaskingNumberwithoutmethod\MaskingNumberwithoutmethod.csproj", "{DDC3DCBC-6F6F-4A74-8964-1E19A5BEFE86}"
EndProject
Project("{2150E333-8FDC-42A3-9474-1A3956D46DE8}") = "OddEvenSeparate", "OddEvenSeparate", "{C4A6F718-8408-4083-BC45-7CFC300A4E27}"
EndProject
Project("{9A19103F-16F7-4668-BE54-9A1E7A4F7556}") = "Usinglinq", "OddEvenSeparate\Usinglinq\Usinglinq.csproj", "{907010BC-BA40-4285-922C-B43BCFAEF76C}"
EndProject
Project("{9A19103F-16F7-4668-BE54-9A1E7A4F7556}") = "MaskingNumberwithmethod", "Masking-Numbers\MaskingNumberwithmethod\MaskingNumberwithmethod.csproj", "{3652BCD8-6E09-428E-BD53-CB44606485A1}"
EndProject
Project("{9A19103F-16F7-4668-BE54-9A1E7A4F7556}") = "Maskingwithoutstringmethods", "Masking-Numbers\Maskingwithoutstringmethods\Maskingwithoutstringmethods.csproj", "{90DEE6F8-9FC3-4F61-B8F6-9A5C994FA524}"
EndProject
Project("{9A19103F-16F7-4668-BE54-9A1E7A4F7556}") = "UsingDictionary", "UniqueNumber\UsingDictionary\UsingDictionary.csproj", "{B09816B8-8A4C-4F42-910E-3823AB311134}"
EndProject
Project("{9A19103F-16F7-4668-BE54-9A1E7A4F7556}") = "simpleloop", "UniqueNumber\simpleloop\simpleloop.csproj", "{5CF7507A-FFB9-4821-AE31-501CF56B818A}"
EndProject
Project("{2150E333-8FDC-42A3-9474-1A3956D46DE8}") = "UniqueNumber", "UniqueNumber", "{1D995404-0C98-4B85-B551-6A0F1963E9AC}"
EndProject
Project("{9A19103F-16F7-4668-BE54-9A1E7A4F7556}") = "Usinglinq", "UniqueNumber\Usinglinq\Usinglinq.csproj", "{4D88A80F-E7F5-43E3-9C5B-CEFDA4ADAE85}"
EndProject
Project("{FAE04EC0-301F-11D3-BF4B-00C04F79EFBC}") = "Usinglist", "OddEvenSeparate\Usinglist\Usinglist.csproj", "{FF74FE82-A228-4B40-A7E6-5FE736F0D818}"
EndProject
Project("{FAE04EC0-301F-11D3-BF4B-00C04F79EFBC}") = "usingarrayonly", "OddEvenSeparate\usingarrayonly\usingarrayonly.csproj", "{00E77B49-5B09-4973-8445-25813C8BB43F}"
EndProject
Project("{FAE04EC0-301F-11D3-BF4B-00C04F79EFBC}") = "MaxNumber", "MaxNumber\MaxNumber.csproj", "{97C52458-58A1-4CA3-AFA3-0A09FB03B45E}"
EndProject
Global
	GlobalSection(SolutionConfigurationPlatforms) = preSolution
		Debug|Any CPU = Debug|Any CPU
		Release|Any CPU = Release|Any CPU
	EndGlobalSection
	GlobalSection(ProjectConfigurationPlatforms) = postSolution
		{DDC3DCBC-6F6F-4A74-8964-1E19A5BEFE86}.Debug|Any CPU.ActiveCfg = Debug|Any CPU
		{DDC3DCBC-6F6F-4A74-8964-1E19A5BEFE86}.Debug|Any CPU.Build.0 = Debug|Any CPU
		{DDC3DCBC-6F6F-4A74-8964-1E19A5BEFE86}.Release|Any CPU.ActiveCfg = Release|Any CPU
		{DDC3DCBC-6F6F-4A74-8964-1E19A5BEFE86}.Release|Any CPU.Build.0 = Release|Any CPU
		{907010BC-BA40-4285-922C-B43BCFAEF76C}.Debug|Any CPU.ActiveCfg = Debug|Any CPU
		{907010BC-BA40-4285-922C-B43BCFAEF76C}.Debug|Any CPU.Build.0 = Debug|Any CPU
		{907010BC-BA40-4285-922C-B43BCFAEF76C}.Release|Any CPU.ActiveCfg = Release|Any CPU
		{907010BC-BA40-4285-922C-B43BCFAEF76C}.Release|Any CPU.Build.0 = Release|Any CPU
		{3652BCD8-6E09-428E-BD53-CB44606485A1}.Debug|Any CPU.ActiveCfg = Debug|Any CPU
		{3652BCD8-6E09-428E-BD53-CB44606485A1}.Debug|Any CPU.Build.0 = Debug|Any CPU
		{3652BCD8-6E09-428E-BD53-CB44606485A1}.Release|Any CPU.ActiveCfg = Release|Any CPU
		{3652BCD8-6E09-428E-BD53-CB44606485A1}.Release|Any CPU.Build.0 = Release|Any CPU
		{90DEE6F8-9FC3-4F61-B8F6-9A5C994FA524}.Debug|Any CPU.ActiveCfg = Debug|Any CPU
		{90DEE6F8-9FC3-4F61-B8F6-9A5C994FA524}.Debug|Any CPU.Build.0 = Debug|Any CPU
		{90DEE6F8-9FC3-4F61-B8F6-9A5C994FA524}.Release|Any CPU.ActiveCfg = Release|Any CPU
		{90DEE6F8-9FC3-4F61-B8F6-9A5C994FA524}.Release|Any CPU.Build.0 = Release|Any CPU
		{B09816B8-8A4C-4F42-910E-3823AB311134}.Debug|Any CPU.ActiveCfg = Debug|Any CPU
		{B09816B8-8A4C-4F42-910E-3823AB311134}.Debug|Any CPU.Build.0 = Debug|Any CPU
		{B09816B8-8A4C-4F42-910E-3823AB311134}.Release|Any CPU.ActiveCfg = Release|Any CPU
		{B09816B8-8A4C-4F42-910E-3823AB311134}.Release|Any CPU.Build.0 = Release|Any CPU
		{5CF7507A-FFB9-4821-AE31-501CF56B818A}.Debug|Any CPU.ActiveCfg = Debug|Any CPU
		{5CF7507A-FFB9-4821-AE31-501CF56B818A}.Debug|Any CPU.Build.0 = Debug|Any CPU
		{5CF7507A-FFB9-4821-AE31-501CF56B818A}.Release|Any CPU.ActiveCfg = Release|Any CPU
		{5CF7507A-FFB9-4821-AE31-501CF56B818A}.Release|Any CPU.Build.0 = Release|Any CPU
		{4D88A80F-E7F5-43E3-9C5B-CEFDA4ADAE85}.Debug|Any CPU.ActiveCfg = Debug|Any CPU
		{4D88A80F-E7F5-43E3-9C5B-CEFDA4ADAE85}.Debug|Any CPU.Build.0 = Debug|Any CPU
		{4D88A80F-E7F5-43E3-9C5B-CEFDA4ADAE85}.Release|Any CPU.ActiveCfg = Release|Any CPU
		{4D88A80F-E7F5-43E3-9C5B-CEFDA4ADAE85}.Release|Any CPU.Build.0 = Release|Any CPU
		{FF74FE82-A228-4B40-A7E6-5FE736F0D818}.Debug|Any CPU.ActiveCfg = Debug|Any CPU
		{FF74FE82-A228-4B40-A7E6-5FE736F0D818}.Debug|Any CPU.Build.0 = Debug|Any CPU
		{FF74FE82-A228-4B40-A7E6-5FE736F0D818}.Release|Any CPU.ActiveCfg = Release|Any CPU
		{FF74FE82-A228-4B40-A7E6-5FE736F0D818}.Release|Any CPU.Build.0 = Release|Any CPU
		{00E77B49-5B09-4973-8445-25813C8BB43F}.Debug|Any CPU.ActiveCfg = Debug|Any CPU
		{00E77B49-5B09-4973-8445-25813C8BB43F}.Debug|Any CPU.Build.0 = Debug|Any CPU
		{00E77B49-5B09-4973-8445-25813C8BB43F}.Release|Any CPU.ActiveCfg = Release|Any CPU
		{00E77B49-5B09-4973-8445-25813C8BB43F}.Release|Any CPU.Build.0 = Release|Any CPU
		{97C52458-58A1-4CA3-AFA3-0A09FB03B45E}.Debug|Any CPU.ActiveCfg = Debug|Any CPU
		{97C52458-58A1-4CA3-AFA3-0A09FB03B45E}.Debug|Any CPU.Build.0 = Debug|Any CPU
		{97C52458-58A1-4CA3-AFA3-0A09FB03B45E}.Release|Any CPU.ActiveCfg = Release|Any CPU
		{97C52458-58A1-4CA3-AFA3-0A09FB03B45E}.Release|Any CPU.Build.0 = Release|Any CPU
	EndGlobalSection
	GlobalSection(SolutionProperties) = preSolution
		HideSolutionNode = FALSE
	EndGlobalSection
	GlobalSection(NestedProjects) = preSolution
		{DDC3DCBC-6F6F-4A74-8964-1E19A5BEFE86} = {290059C2-BD9F-4F63-9936-9011C6B9CD41}
		{907010BC-BA40-4285-922C-B43BCFAEF76C} = {C4A6F718-8408-4083-BC45-7CFC300A4E27}
		{3652BCD8-6E09-428E-BD53-CB44606485A1} = {290059C2-BD9F-4F63-9936-9011C6B9CD41}
		{90DEE6F8-9FC3-4F61-B8F6-9A5C994FA524} = {290059C2-BD9F-4F63-9936-9011C6B9CD41}
		{B09816B8-8A4C-4F42-910E-3823AB311134} = {1D995404-0C98-4B85-B551-6A0F1963E9AC}
		{5CF7507A-FFB9-4821-AE31-501CF56B818A} = {1D995404-0C98-4B85-B551-6A0F1963E9AC}
		{4D88A80F-E7F5-43E3-9C5B-CEFDA4ADAE85} = {1D995404-0C98-4B85-B551-6A0F1963E9AC}
		{FF74FE82-A228-4B40-A7E6-5FE736F0D818} = {C4A6F718-8408-4083-BC45-7CFC300A4E27}
		{00E77B49-5B09-4973-8445-25813C8BB43F} = {C4A6F718-8408-4083-BC45-7CFC300A4E27}
	EndGlobalSection
	GlobalSection(ExtensibilityGlobals) = postSolution
		SolutionGuid = {3FDDB7A1-2985-4091-9FCC-88A77EB43127}
	EndGlobalSection
EndGlobal
